
Microsoft Visual Studio Solution File, Format Version 12.00
# Visual Studio Version 16
VisualStudioVersion = 16.0.35325.158
MinimumVisualStudioVersion = 10.0.40219.1
Project("{FAE04EC0-301F-11D3-BF4B-00C04F79EFBC}") = "MethodsAndObjectsAssignment", "MethodsAndObjectsAssignment\MethodsAndObjectsAssignment.csproj", "{D578043F-1B36-4A81-ACB7-8BF11F909393}"
EndProject
Global
	GlobalSection(SolutionConfigurationPlatforms) = preSolution
		Debug|Any CPU = Debug|Any CPU
		Release|Any CPU = Release|Any CPU
	EndGlobalSection
	GlobalSection(ProjectConfigurationPlatforms) = postSolution
		{D578043F-1B36-4A81-ACB7-8BF11F909393}.Debug|Any CPU.ActiveCfg = Debug|Any CPU
		{D578043F-1B36-4A81-ACB7-8BF11F909393}.Debug|Any CPU.Build.0 = Debug|Any CPU
		{D578043F-1B36-4A81-ACB7-8BF11F909393}.Release|Any CPU.ActiveCfg = Release|Any CPU
		{D578043F-1B36-4A81-ACB7-8BF11F909393}.Release|Any CPU.Build.0 = Release|Any CPU
	EndGlobalSection
	GlobalSection(SolutionProperties) = preSolution
		HideSolutionNode = FALSE
	EndGlobalSection
	GlobalSection(ExtensibilityGlobals) = postSolution
		SolutionGuid = {1FCEB334-9751-458E-B282-8C2EC01A73FC}
	EndGlobalSection
EndGlobal
