
Microsoft Visual Studio Solution File, Format Version 12.00
# Visual Studio Version 16
VisualStudioVersion = 16.0.35325.158
MinimumVisualStudioVersion = 10.0.40219.1
Project("{FAE04EC0-301F-11D3-BF4B-00C04F79EFBC}") = "ClassMethodAssignment", "ClassMethodAssignment\ClassMethodAssignment.csproj", "{B1FA7BB5-A11B-47AB-8404-A0A721E143BA}"
EndProject
Global
	GlobalSection(SolutionConfigurationPlatforms) = preSolution
		Debug|Any CPU = Debug|Any CPU
		Release|Any CPU = Release|Any CPU
	EndGlobalSection
	GlobalSection(ProjectConfigurationPlatforms) = postSolution
		{B1FA7BB5-A11B-47AB-8404-A0A721E143BA}.Debug|Any CPU.ActiveCfg = Debug|Any CPU
		{B1FA7BB5-A11B-47AB-8404-A0A721E143BA}.Debug|Any CPU.Build.0 = Debug|Any CPU
		{B1FA7BB5-A11B-47AB-8404-A0A721E143BA}.Release|Any CPU.ActiveCfg = Release|Any CPU
		{B1FA7BB5-A11B-47AB-8404-A0A721E143BA}.Release|Any CPU.Build.0 = Release|Any CPU
	EndGlobalSection
	GlobalSection(SolutionProperties) = preSolution
		HideSolutionNode = FALSE
	EndGlobalSection
	GlobalSection(ExtensibilityGlobals) = postSolution
		SolutionGuid = {15ACDCFC-1B49-491E-8F02-D063EC968C17}
	EndGlobalSection
EndGlobal
