
Microsoft Visual Studio Solution File, Format Version 12.00
# Visual Studio Version 16
VisualStudioVersion = 16.0.35325.158
MinimumVisualStudioVersion = 10.0.40219.1
Project("{FAE04EC0-301F-11D3-BF4B-00C04F79EFBC}") = "ParsingEnumsAssignment", "ParsingEnumsAssignment\ParsingEnumsAssignment.csproj", "{509845DB-FFCC-4CFB-8487-CEE7540879BF}"
EndProject
Global
	GlobalSection(SolutionConfigurationPlatforms) = preSolution
		Debug|Any CPU = Debug|Any CPU
		Release|Any CPU = Release|Any CPU
	EndGlobalSection
	GlobalSection(ProjectConfigurationPlatforms) = postSolution
		{509845DB-FFCC-4CFB-8487-CEE7540879BF}.Debug|Any CPU.ActiveCfg = Debug|Any CPU
		{509845DB-FFCC-4CFB-8487-CEE7540879BF}.Debug|Any CPU.Build.0 = Debug|Any CPU
		{509845DB-FFCC-4CFB-8487-CEE7540879BF}.Release|Any CPU.ActiveCfg = Release|Any CPU
		{509845DB-FFCC-4CFB-8487-CEE7540879BF}.Release|Any CPU.Build.0 = Release|Any CPU
	EndGlobalSection
	GlobalSection(SolutionProperties) = preSolution
		HideSolutionNode = FALSE
	EndGlobalSection
	GlobalSection(ExtensibilityGlobals) = postSolution
		SolutionGuid = {E1600E1F-0D18-459A-A1D6-FBA889C0E8D7}
	EndGlobalSection
EndGlobal
