
Microsoft Visual Studio Solution File, Format Version 12.00
# Visual Studio Version 16
VisualStudioVersion = 16.0.35325.158
MinimumVisualStudioVersion = 10.0.40219.1
Project("{FAE04EC0-301F-11D3-BF4B-00C04F79EFBC}") = "AbstractClassAssignment", "AbstractClassAssignment\AbstractClassAssignment.csproj", "{64C3DBCA-0135-4942-9E5A-129A959C9CE3}"
EndProject
Global
	GlobalSection(SolutionConfigurationPlatforms) = preSolution
		Debug|Any CPU = Debug|Any CPU
		Release|Any CPU = Release|Any CPU
	EndGlobalSection
	GlobalSection(ProjectConfigurationPlatforms) = postSolution
		{64C3DBCA-0135-4942-9E5A-129A959C9CE3}.Debug|Any CPU.ActiveCfg = Debug|Any CPU
		{64C3DBCA-0135-4942-9E5A-129A959C9CE3}.Debug|Any CPU.Build.0 = Debug|Any CPU
		{64C3DBCA-0135-4942-9E5A-129A959C9CE3}.Release|Any CPU.ActiveCfg = Release|Any CPU
		{64C3DBCA-0135-4942-9E5A-129A959C9CE3}.Release|Any CPU.Build.0 = Release|Any CPU
	EndGlobalSection
	GlobalSection(SolutionProperties) = preSolution
		HideSolutionNode = FALSE
	EndGlobalSection
	GlobalSection(ExtensibilityGlobals) = postSolution
		SolutionGuid = {6B873DA8-D26F-4294-BB03-E556A204B83A}
	EndGlobalSection
EndGlobal
